
Microsoft Visual Studio Solution File, Format Version 12.00
# Visual Studio Version 16
VisualStudioVersion = 16.0.32602.291
MinimumVisualStudioVersion = 10.0.40219.1
Project("{FAE04EC0-301F-11D3-BF4B-00C04F79EFBC}") = "PageRu.UWP", "PageRu.UWP\PageRu.UWP.csproj", "{76745727-8C21-46AE-8320-F03166047348}"
EndProject
Project("{FAE04EC0-301F-11D3-BF4B-00C04F79EFBC}") = "PageRu.Android", "PageRu.Android\PageRu.Android.csproj", "{A1A98C9D-CF09-47F5-B05A-E820337F6FC9}"
EndProject
Project("{FAE04EC0-301F-11D3-BF4B-00C04F79EFBC}") = "PageRu.iOS", "PageRu.iOS\PageRu.iOS.csproj", "{FB60B0E2-F328-410D-918D-AF18D7BE611D}"
EndProject
Project("{FAE04EC0-301F-11D3-BF4B-00C04F79EFBC}") = "PageRu", "PageRu\PageRu.csproj", "{42CF6FE0-3C56-448A-9B89-423E5D662F34}"
EndProject
Global
	GlobalSection(SolutionConfigurationPlatforms) = preSolution
		Debug|Any CPU = Debug|Any CPU
		Debug|ARM = Debug|ARM
		Debug|iPhone = Debug|iPhone
		Debug|iPhoneSimulator = Debug|iPhoneSimulator
		Debug|x64 = Debug|x64
		Debug|x86 = Debug|x86
		Release|Any CPU = Release|Any CPU
		Release|ARM = Release|ARM
		Release|iPhone = Release|iPhone
		Release|iPhoneSimulator = Release|iPhoneSimulator
		Release|x64 = Release|x64
		Release|x86 = Release|x86
	EndGlobalSection
	GlobalSection(ProjectConfigurationPlatforms) = postSolution
		{76745727-8C21-46AE-8320-F03166047348}.Debug|Any CPU.ActiveCfg = Debug|x86
		{76745727-8C21-46AE-8320-F03166047348}.Debug|Any CPU.Build.0 = Debug|x86
		{76745727-8C21-46AE-8320-F03166047348}.Debug|Any CPU.Deploy.0 = Debug|x86
		{76745727-8C21-46AE-8320-F03166047348}.Debug|ARM.ActiveCfg = Debug|ARM
		{76745727-8C21-46AE-8320-F03166047348}.Debug|ARM.Build.0 = Debug|ARM
		{76745727-8C21-46AE-8320-F03166047348}.Debug|ARM.Deploy.0 = Debug|ARM
		{76745727-8C21-46AE-8320-F03166047348}.Debug|iPhone.ActiveCfg = Debug|x86
		{76745727-8C21-46AE-8320-F03166047348}.Debug|iPhone.Build.0 = Debug|x86
		{76745727-8C21-46AE-8320-F03166047348}.Debug|iPhone.Deploy.0 = Debug|x86
		{76745727-8C21-46AE-8320-F03166047348}.Debug|iPhoneSimulator.ActiveCfg = Debug|x86
		{76745727-8C21-46AE-8320-F03166047348}.Debug|iPhoneSimulator.Build.0 = Debug|x86
		{76745727-8C21-46AE-8320-F03166047348}.Debug|iPhoneSimulator.Deploy.0 = Debug|x86
		{76745727-8C21-46AE-8320-F03166047348}.Debug|x64.ActiveCfg = Debug|x64
		{76745727-8C21-46AE-8320-F03166047348}.Debug|x64.Build.0 = Debug|x64
		{76745727-8C21-46AE-8320-F03166047348}.Debug|x64.Deploy.0 = Debug|x64
		{76745727-8C21-46AE-8320-F03166047348}.Debug|x86.ActiveCfg = Debug|x86
		{76745727-8C21-46AE-8320-F03166047348}.Debug|x86.Build.0 = Debug|x86
		{76745727-8C21-46AE-8320-F03166047348}.Debug|x86.Deploy.0 = Debug|x86
		{76745727-8C21-46AE-8320-F03166047348}.Release|Any CPU.ActiveCfg = Release|x86
		{76745727-8C21-46AE-8320-F03166047348}.Release|Any CPU.Build.0 = Release|x86
		{76745727-8C21-46AE-8320-F03166047348}.Release|Any CPU.Deploy.0 = Release|x86
		{76745727-8C21-46AE-8320-F03166047348}.Release|ARM.ActiveCfg = Release|ARM
		{76745727-8C21-46AE-8320-F03166047348}.Release|ARM.Build.0 = Release|ARM
		{76745727-8C21-46AE-8320-F03166047348}.Release|ARM.Deploy.0 = Release|ARM
		{76745727-8C21-46AE-8320-F03166047348}.Release|iPhone.ActiveCfg = Release|x86
		{76745727-8C21-46AE-8320-F03166047348}.Release|iPhone.Build.0 = Release|x86
		{76745727-8C21-46AE-8320-F03166047348}.Release|iPhone.Deploy.0 = Release|x86
		{76745727-8C21-46AE-8320-F03166047348}.Release|iPhoneSimulator.ActiveCfg = Release|x86
		{76745727-8C21-46AE-8320-F03166047348}.Release|iPhoneSimulator.Build.0 = Release|x86
		{76745727-8C21-46AE-8320-F03166047348}.Release|iPhoneSimulator.Deploy.0 = Release|x86
		{76745727-8C21-46AE-8320-F03166047348}.Release|x64.ActiveCfg = Release|x64
		{76745727-8C21-46AE-8320-F03166047348}.Release|x64.Build.0 = Release|x64
		{76745727-8C21-46AE-8320-F03166047348}.Release|x64.Deploy.0 = Release|x64
		{76745727-8C21-46AE-8320-F03166047348}.Release|x86.ActiveCfg = Release|x86
		{76745727-8C21-46AE-8320-F03166047348}.Release|x86.Build.0 = Release|x86
		{76745727-8C21-46AE-8320-F03166047348}.Release|x86.Deploy.0 = Release|x86
		{A1A98C9D-CF09-47F5-B05A-E820337F6FC9}.Debug|Any CPU.ActiveCfg = Debug|Any CPU
		{A1A98C9D-CF09-47F5-B05A-E820337F6FC9}.Debug|Any CPU.Build.0 = Debug|Any CPU
		{A1A98C9D-CF09-47F5-B05A-E820337F6FC9}.Debug|Any CPU.Deploy.0 = Debug|Any CPU
		{A1A98C9D-CF09-47F5-B05A-E820337F6FC9}.Debug|ARM.ActiveCfg = Debug|Any CPU
		{A1A98C9D-CF09-47F5-B05A-E820337F6FC9}.Debug|ARM.Build.0 = Debug|Any CPU
		{A1A98C9D-CF09-47F5-B05A-E820337F6FC9}.Debug|ARM.Deploy.0 = Debug|Any CPU
		{A1A98C9D-CF09-47F5-B05A-E820337F6FC9}.Debug|iPhone.ActiveCfg = Debug|Any CPU
		{A1A98C9D-CF09-47F5-B05A-E820337F6FC9}.Debug|iPhone.Build.0 = Debug|Any CPU
		{A1A98C9D-CF09-47F5-B05A-E820337F6FC9}.Debug|iPhone.Deploy.0 = Debug|Any CPU
		{A1A98C9D-CF09-47F5-B05A-E820337F6FC9}.Debug|iPhoneSimulator.ActiveCfg = Debug|Any CPU
		{A1A98C9D-CF09-47F5-B05A-E820337F6FC9}.Debug|iPhoneSimulator.Build.0 = Debug|Any CPU
		{A1A98C9D-CF09-47F5-B05A-E820337F6FC9}.Debug|iPhoneSimulator.Deploy.0 = Debug|Any CPU
		{A1A98C9D-CF09-47F5-B05A-E820337F6FC9}.Debug|x64.ActiveCfg = Debug|Any CPU
		{A1A98C9D-CF09-47F5-B05A-E820337F6FC9}.Debug|x64.Build.0 = Debug|Any CPU
		{A1A98C9D-CF09-47F5-B05A-E820337F6FC9}.Debug|x64.Deploy.0 = Debug|Any CPU
		{A1A98C9D-CF09-47F5-B05A-E820337F6FC9}.Debug|x86.ActiveCfg = Debug|Any CPU
		{A1A98C9D-CF09-47F5-B05A-E820337F6FC9}.Debug|x86.Build.0 = Debug|Any CPU
		{A1A98C9D-CF09-47F5-B05A-E820337F6FC9}.Debug|x86.Deploy.0 = Debug|Any CPU
		{A1A98C9D-CF09-47F5-B05A-E820337F6FC9}.Release|Any CPU.ActiveCfg = Release|Any CPU
		{A1A98C9D-CF09-47F5-B05A-E820337F6FC9}.Release|Any CPU.Build.0 = Release|Any CPU
		{A1A98C9D-CF09-47F5-B05A-E820337F6FC9}.Release|Any CPU.Deploy.0 = Release|Any CPU
		{A1A98C9D-CF09-47F5-B05A-E820337F6FC9}.Release|ARM.ActiveCfg = Release|Any CPU
		{A1A98C9D-CF09-47F5-B05A-E820337F6FC9}.Release|ARM.Build.0 = Release|Any CPU
		{A1A98C9D-CF09-47F5-B05A-E820337F6FC9}.Release|ARM.Deploy.0 = Release|Any CPU
		{A1A98C9D-CF09-47F5-B05A-E820337F6FC9}.Release|iPhone.ActiveCfg = Release|Any CPU
		{A1A98C9D-CF09-47F5-B05A-E820337F6FC9}.Release|iPhone.Build.0 = Release|Any CPU
		{A1A98C9D-CF09-47F5-B05A-E820337F6FC9}.Release|iPhone.Deploy.0 = Release|Any CPU
		{A1A98C9D-CF09-47F5-B05A-E820337F6FC9}.Release|iPhoneSimulator.ActiveCfg = Release|Any CPU
		{A1A98C9D-CF09-47F5-B05A-E820337F6FC9}.Release|iPhoneSimulator.Build.0 = Release|Any CPU
		{A1A98C9D-CF09-47F5-B05A-E820337F6FC9}.Release|iPhoneSimulator.Deploy.0 = Release|Any CPU
		{A1A98C9D-CF09-47F5-B05A-E820337F6FC9}.Release|x64.ActiveCfg = Release|Any CPU
		{A1A98C9D-CF09-47F5-B05A-E820337F6FC9}.Release|x64.Build.0 = Release|Any CPU
		{A1A98C9D-CF09-47F5-B05A-E820337F6FC9}.Release|x64.Deploy.0 = Release|Any CPU
		{A1A98C9D-CF09-47F5-B05A-E820337F6FC9}.Release|x86.ActiveCfg = Release|Any CPU
		{A1A98C9D-CF09-47F5-B05A-E820337F6FC9}.Release|x86.Build.0 = Release|Any CPU
		{A1A98C9D-CF09-47F5-B05A-E820337F6FC9}.Release|x86.Deploy.0 = Release|Any CPU
		{FB60B0E2-F328-410D-918D-AF18D7BE611D}.Debug|Any CPU.ActiveCfg = Debug|iPhoneSimulator
		{FB60B0E2-F328-410D-918D-AF18D7BE611D}.Debug|Any CPU.Build.0 = Debug|iPhoneSimulator
		{FB60B0E2-F328-410D-918D-AF18D7BE611D}.Debug|Any CPU.Deploy.0 = Debug|iPhoneSimulator
		{FB60B0E2-F328-410D-918D-AF18D7BE611D}.Debug|ARM.ActiveCfg = Debug|iPhone
		{FB60B0E2-F328-410D-918D-AF18D7BE611D}.Debug|ARM.Build.0 = Debug|iPhone
		{FB60B0E2-F328-410D-918D-AF18D7BE611D}.Debug|ARM.Deploy.0 = Debug|iPhone
		{FB60B0E2-F328-410D-918D-AF18D7BE611D}.Debug|iPhone.ActiveCfg = Debug|iPhone
		{FB60B0E2-F328-410D-918D-AF18D7BE611D}.Debug|iPhone.Build.0 = Debug|iPhone
		{FB60B0E2-F328-410D-918D-AF18D7BE611D}.Debug|iPhone.Deploy.0 = Debug|iPhone
		{FB60B0E2-F328-410D-918D-AF18D7BE611D}.Debug|iPhoneSimulator.ActiveCfg = Debug|iPhoneSimulator
		{FB60B0E2-F328-410D-918D-AF18D7BE611D}.Debug|iPhoneSimulator.Build.0 = Debug|iPhoneSimulator
		{FB60B0E2-F328-410D-918D-AF18D7BE611D}.Debug|iPhoneSimulator.Deploy.0 = Debug|iPhoneSimulator
		{FB60B0E2-F328-410D-918D-AF18D7BE611D}.Debug|x64.ActiveCfg = Debug|iPhoneSimulator
		{FB60B0E2-F328-410D-918D-AF18D7BE611D}.Debug|x64.Build.0 = Debug|iPhoneSimulator
		{FB60B0E2-F328-410D-918D-AF18D7BE611D}.Debug|x64.Deploy.0 = Debug|iPhoneSimulator
		{FB60B0E2-F328-410D-918D-AF18D7BE611D}.Debug|x86.ActiveCfg = Debug|iPhoneSimulator
		{FB60B0E2-F328-410D-918D-AF18D7BE611D}.Debug|x86.Build.0 = Debug|iPhoneSimulator
		{FB60B0E2-F328-410D-918D-AF18D7BE611D}.Debug|x86.Deploy.0 = Debug|iPhoneSimulator
		{FB60B0E2-F328-410D-918D-AF18D7BE611D}.Release|Any CPU.ActiveCfg = Release|iPhoneSimulator
		{FB60B0E2-F328-410D-918D-AF18D7BE611D}.Release|Any CPU.Build.0 = Release|iPhoneSimulator
		{FB60B0E2-F328-410D-918D-AF18D7BE611D}.Release|Any CPU.Deploy.0 = Release|iPhoneSimulator
		{FB60B0E2-F328-410D-918D-AF18D7BE611D}.Release|ARM.ActiveCfg = Release|iPhoneSimulator
		{FB60B0E2-F328-410D-918D-AF18D7BE611D}.Release|ARM.Build.0 = Release|iPhoneSimulator
		{FB60B0E2-F328-410D-918D-AF18D7BE611D}.Release|ARM.Deploy.0 = Release|iPhoneSimulator
		{FB60B0E2-F328-410D-918D-AF18D7BE611D}.Release|iPhone.ActiveCfg = Release|iPhone
		{FB60B0E2-F328-410D-918D-AF18D7BE611D}.Release|iPhone.Build.0 = Release|iPhone
		{FB60B0E2-F328-410D-918D-AF18D7BE611D}.Release|iPhone.Deploy.0 = Release|iPhone
		{FB60B0E2-F328-410D-918D-AF18D7BE611D}.Release|iPhoneSimulator.ActiveCfg = Release|iPhoneSimulator
		{FB60B0E2-F328-410D-918D-AF18D7BE611D}.Release|iPhoneSimulator.Build.0 = Release|iPhoneSimulator
		{FB60B0E2-F328-410D-918D-AF18D7BE611D}.Release|iPhoneSimulator.Deploy.0 = Release|iPhoneSimulator
		{FB60B0E2-F328-410D-918D-AF18D7BE611D}.Release|x64.ActiveCfg = Release|iPhoneSimulator
		{FB60B0E2-F328-410D-918D-AF18D7BE611D}.Release|x64.Build.0 = Release|iPhoneSimulator
		{FB60B0E2-F328-410D-918D-AF18D7BE611D}.Release|x64.Deploy.0 = Release|iPhoneSimulator
		{FB60B0E2-F328-410D-918D-AF18D7BE611D}.Release|x86.ActiveCfg = Release|iPhoneSimulator
		{FB60B0E2-F328-410D-918D-AF18D7BE611D}.Release|x86.Build.0 = Release|iPhoneSimulator
		{FB60B0E2-F328-410D-918D-AF18D7BE611D}.Release|x86.Deploy.0 = Release|iPhoneSimulator
		{42CF6FE0-3C56-448A-9B89-423E5D662F34}.Debug|Any CPU.ActiveCfg = Debug|Any CPU
		{42CF6FE0-3C56-448A-9B89-423E5D662F34}.Debug|Any CPU.Build.0 = Debug|Any CPU
		{42CF6FE0-3C56-448A-9B89-423E5D662F34}.Debug|Any CPU.Deploy.0 = Debug|Any CPU
		{42CF6FE0-3C56-448A-9B89-423E5D662F34}.Debug|ARM.ActiveCfg = Debug|Any CPU
		{42CF6FE0-3C56-448A-9B89-423E5D662F34}.Debug|ARM.Build.0 = Debug|Any CPU
		{42CF6FE0-3C56-448A-9B89-423E5D662F34}.Debug|ARM.Deploy.0 = Debug|Any CPU
		{42CF6FE0-3C56-448A-9B89-423E5D662F34}.Debug|iPhone.ActiveCfg = Debug|Any CPU
		{42CF6FE0-3C56-448A-9B89-423E5D662F34}.Debug|iPhone.Build.0 = Debug|Any CPU
		{42CF6FE0-3C56-448A-9B89-423E5D662F34}.Debug|iPhone.Deploy.0 = Debug|Any CPU
		{42CF6FE0-3C56-448A-9B89-423E5D662F34}.Debug|iPhoneSimulator.ActiveCfg = Debug|Any CPU
		{42CF6FE0-3C56-448A-9B89-423E5D662F34}.Debug|iPhoneSimulator.Build.0 = Debug|Any CPU
		{42CF6FE0-3C56-448A-9B89-423E5D662F34}.Debug|iPhoneSimulator.Deploy.0 = Debug|Any CPU
		{42CF6FE0-3C56-448A-9B89-423E5D662F34}.Debug|x64.ActiveCfg = Debug|Any CPU
		{42CF6FE0-3C56-448A-9B89-423E5D662F34}.Debug|x64.Build.0 = Debug|Any CPU
		{42CF6FE0-3C56-448A-9B89-423E5D662F34}.Debug|x64.Deploy.0 = Debug|Any CPU
		{42CF6FE0-3C56-448A-9B89-423E5D662F34}.Debug|x86.ActiveCfg = Debug|Any CPU
		{42CF6FE0-3C56-448A-9B89-423E5D662F34}.Debug|x86.Build.0 = Debug|Any CPU
		{42CF6FE0-3C56-448A-9B89-423E5D662F34}.Debug|x86.Deploy.0 = Debug|Any CPU
		{42CF6FE0-3C56-448A-9B89-423E5D662F34}.Release|Any CPU.ActiveCfg = Release|Any CPU
		{42CF6FE0-3C56-448A-9B89-423E5D662F34}.Release|Any CPU.Build.0 = Release|Any CPU
		{42CF6FE0-3C56-448A-9B89-423E5D662F34}.Release|Any CPU.Deploy.0 = Release|Any CPU
		{42CF6FE0-3C56-448A-9B89-423E5D662F34}.Release|ARM.ActiveCfg = Release|Any CPU
		{42CF6FE0-3C56-448A-9B89-423E5D662F34}.Release|ARM.Build.0 = Release|Any CPU
		{42CF6FE0-3C56-448A-9B89-423E5D662F34}.Release|ARM.Deploy.0 = Release|Any CPU
		{42CF6FE0-3C56-448A-9B89-423E5D662F34}.Release|iPhone.ActiveCfg = Release|Any CPU
		{42CF6FE0-3C56-448A-9B89-423E5D662F34}.Release|iPhone.Build.0 = Release|Any CPU
		{42CF6FE0-3C56-448A-9B89-423E5D662F34}.Release|iPhone.Deploy.0 = Release|Any CPU
		{42CF6FE0-3C56-448A-9B89-423E5D662F34}.Release|iPhoneSimulator.ActiveCfg = Release|Any CPU
		{42CF6FE0-3C56-448A-9B89-423E5D662F34}.Release|iPhoneSimulator.Build.0 = Release|Any CPU
		{42CF6FE0-3C56-448A-9B89-423E5D662F34}.Release|iPhoneSimulator.Deploy.0 = Release|Any CPU
		{42CF6FE0-3C56-448A-9B89-423E5D662F34}.Release|x64.ActiveCfg = Release|Any CPU
		{42CF6FE0-3C56-448A-9B89-423E5D662F34}.Release|x64.Build.0 = Release|Any CPU
		{42CF6FE0-3C56-448A-9B89-423E5D662F34}.Release|x64.Deploy.0 = Release|Any CPU
		{42CF6FE0-3C56-448A-9B89-423E5D662F34}.Release|x86.ActiveCfg = Release|Any CPU
		{42CF6FE0-3C56-448A-9B89-423E5D662F34}.Release|x86.Build.0 = Release|Any CPU
		{42CF6FE0-3C56-448A-9B89-423E5D662F34}.Release|x86.Deploy.0 = Release|Any CPU
	EndGlobalSection
	GlobalSection(SolutionProperties) = preSolution
		HideSolutionNode = FALSE
	EndGlobalSection
	GlobalSection(ExtensibilityGlobals) = postSolution
		SolutionGuid = {6A12CB87-08D3-456E-A353-D0D1BF1D20E1}
	EndGlobalSection
EndGlobal
